{
  "object": {
    "pins": [
      {
        "package": "VDKit",
        "repositoryURL": "https://github.com/dankinsoid/VDKit.git",
        "state": {
          "branch": null,
          "revision": "ca884c0e19c57b23e55f1be464a393dde809a8c7",
          "version": "1.114.0"
        }
      }
    ]
  },
  "version": 1
}
