{
  "object": {
    "pins": [
      {
        "package": "ConstraintsOperators",
        "repositoryURL": "https://github.com/dankinsoid/ConstraintsOperators.git",
        "state": {
          "branch": null,
          "revision": "8ca6e5d16f2b3add1ba4228225cd480cca3eb43c",
          "version": "2.3.5"
        }
      },
      {
        "package": "VDKit",
        "repositoryURL": "https://github.com/dankinsoid/VDKit.git",
        "state": {
          "branch": null,
          "revision": "a0b2c2367f1e234ac853723c1b08ee7e1ddcd070",
          "version": "1.0.42"
        }
      }
    ]
  },
  "version": 1
}
