// !$*UTF8*$!
{
	archiveVersion = 1;
	classes = {
	};
	objectVersion = 50;
	objects = {

/* Begin PBXBuildFile section */
		5B6E226D2334E9240080719F /* Animations.swift in Sources */ = {isa = PBXBuildFile; fileRef = 5B6E226C2334E9240080719F /* Animations.swift */; };
		5B6E226F233527B90080719F /* Sequential.swift in Sources */ = {isa = PBXBuildFile; fileRef = 5B6E226E233527B90080719F /* Sequential.swift */; };
		5B6E2271233527D80080719F /* Parallel.swift in Sources */ = {isa = PBXBuildFile; fileRef = 5B6E2270233527D80080719F /* Parallel.swift */; };
		5B6E2273233527F00080719F /* Animator.swift in Sources */ = {isa = PBXBuildFile; fileRef = 5B6E2272233527F00080719F /* Animator.swift */; };
		5B6E2275233528050080719F /* Interval.swift in Sources */ = {isa = PBXBuildFile; fileRef = 5B6E2274233528050080719F /* Interval.swift */; };
		5B6E2277233528230080719F /* AnimatorBuilder.swift in Sources */ = {isa = PBXBuildFile; fileRef = 5B6E2276233528230080719F /* AnimatorBuilder.swift */; };
		5BBE36DC233A7B810090960B /* SwiftUIView.swift in Sources */ = {isa = PBXBuildFile; fileRef = 5BBE36DB233A7B810090960B /* SwiftUIView.swift */; };
		5BBE3757233BCFD80090960B /* WithoutAnimation.swift in Sources */ = {isa = PBXBuildFile; fileRef = 5BBE3756233BCFD80090960B /* WithoutAnimation.swift */; };
		5BD99DFE2334CB1B00B28B19 /* AppDelegate.swift in Sources */ = {isa = PBXBuildFile; fileRef = 5BD99DFD2334CB1B00B28B19 /* AppDelegate.swift */; };
		5BD99E002334CB1B00B28B19 /* SceneDelegate.swift in Sources */ = {isa = PBXBuildFile; fileRef = 5BD99DFF2334CB1B00B28B19 /* SceneDelegate.swift */; };
		5BD99E022334CB1B00B28B19 /* ViewController.swift in Sources */ = {isa = PBXBuildFile; fileRef = 5BD99E012334CB1B00B28B19 /* ViewController.swift */; };
		5BD99E052334CB1B00B28B19 /* Main.storyboard in Resources */ = {isa = PBXBuildFile; fileRef = 5BD99E032334CB1B00B28B19 /* Main.storyboard */; };
		5BD99E072334CB1C00B28B19 /* Assets.xcassets in Resources */ = {isa = PBXBuildFile; fileRef = 5BD99E062334CB1C00B28B19 /* Assets.xcassets */; };
		5BD99E0A2334CB1C00B28B19 /* LaunchScreen.storyboard in Resources */ = {isa = PBXBuildFile; fileRef = 5BD99E082334CB1C00B28B19 /* LaunchScreen.storyboard */; };
		5BD99E122334CB2D00B28B19 /* Bases.swift in Sources */ = {isa = PBXBuildFile; fileRef = 5BD99E112334CB2D00B28B19 /* Bases.swift */; };
		8308AC292337D31400933132 /* AnimationGroup.swift in Sources */ = {isa = PBXBuildFile; fileRef = 8308AC282337D31400933132 /* AnimationGroup.swift */; };
		8308AC2B2338195A00933132 /* Bezier.swift in Sources */ = {isa = PBXBuildFile; fileRef = 8308AC2A2338195A00933132 /* Bezier.swift */; };
		8390F7E92336621A007B942E /* VDViewAnimator.swift in Sources */ = {isa = PBXBuildFile; fileRef = 8390F7E82336621A007B942E /* VDViewAnimator.swift */; };
		8390F7EA233668BB007B942E /* RepeatAnimation.swift in Sources */ = {isa = PBXBuildFile; fileRef = 8390F7E623362B6C007B942E /* RepeatAnimation.swift */; };
		8390F7EC23367119007B942E /* AnimatorModifier.swift in Sources */ = {isa = PBXBuildFile; fileRef = 8390F7EB23367119007B942E /* AnimatorModifier.swift */; };
/* End PBXBuildFile section */

/* Begin PBXFileReference section */
		5B176AC4233E1A1400ACE228 /* PropertiesAnimation.swift */ = {isa = PBXFileReference; lastKnownFileType = sourcecode.swift; path = PropertiesAnimation.swift; sourceTree = "<group>"; };
		5B6E226C2334E9240080719F /* Animations.swift */ = {isa = PBXFileReference; lastKnownFileType = sourcecode.swift; path = Animations.swift; sourceTree = "<group>"; };
		5B6E226E233527B90080719F /* Sequential.swift */ = {isa = PBXFileReference; lastKnownFileType = sourcecode.swift; path = Sequential.swift; sourceTree = "<group>"; };
		5B6E2270233527D80080719F /* Parallel.swift */ = {isa = PBXFileReference; lastKnownFileType = sourcecode.swift; path = Parallel.swift; sourceTree = "<group>"; };
		5B6E2272233527F00080719F /* Animator.swift */ = {isa = PBXFileReference; lastKnownFileType = sourcecode.swift; path = Animator.swift; sourceTree = "<group>"; };
		5B6E2274233528050080719F /* Interval.swift */ = {isa = PBXFileReference; lastKnownFileType = sourcecode.swift; path = Interval.swift; sourceTree = "<group>"; };
		5B6E2276233528230080719F /* AnimatorBuilder.swift */ = {isa = PBXFileReference; lastKnownFileType = sourcecode.swift; path = AnimatorBuilder.swift; sourceTree = "<group>"; };
		5BBE36DB233A7B810090960B /* SwiftUIView.swift */ = {isa = PBXFileReference; lastKnownFileType = sourcecode.swift; path = SwiftUIView.swift; sourceTree = "<group>"; };
		5BBE3756233BCFD80090960B /* WithoutAnimation.swift */ = {isa = PBXFileReference; lastKnownFileType = sourcecode.swift; path = WithoutAnimation.swift; sourceTree = "<group>"; };
		5BD99DFA2334CB1B00B28B19 /* SuperAnimations.app */ = {isa = PBXFileReference; explicitFileType = wrapper.application; includeInIndex = 0; path = SuperAnimations.app; sourceTree = BUILT_PRODUCTS_DIR; };
		5BD99DFD2334CB1B00B28B19 /* AppDelegate.swift */ = {isa = PBXFileReference; lastKnownFileType = sourcecode.swift; path = AppDelegate.swift; sourceTree = "<group>"; };
		5BD99DFF2334CB1B00B28B19 /* SceneDelegate.swift */ = {isa = PBXFileReference; lastKnownFileType = sourcecode.swift; path = SceneDelegate.swift; sourceTree = "<group>"; };
		5BD99E012334CB1B00B28B19 /* ViewController.swift */ = {isa = PBXFileReference; lastKnownFileType = sourcecode.swift; path = ViewController.swift; sourceTree = "<group>"; };
		5BD99E042334CB1B00B28B19 /* Base */ = {isa = PBXFileReference; lastKnownFileType = file.storyboard; name = Base; path = Base.lproj/Main.storyboard; sourceTree = "<group>"; };
		5BD99E062334CB1C00B28B19 /* Assets.xcassets */ = {isa = PBXFileReference; lastKnownFileType = folder.assetcatalog; path = Assets.xcassets; sourceTree = "<group>"; };
		5BD99E092334CB1C00B28B19 /* Base */ = {isa = PBXFileReference; lastKnownFileType = file.storyboard; name = Base; path = Base.lproj/LaunchScreen.storyboard; sourceTree = "<group>"; };
		5BD99E0B2334CB1C00B28B19 /* Info.plist */ = {isa = PBXFileReference; lastKnownFileType = text.plist.xml; path = Info.plist; sourceTree = "<group>"; };
		5BD99E112334CB2D00B28B19 /* Bases.swift */ = {isa = PBXFileReference; lastKnownFileType = sourcecode.swift; path = Bases.swift; sourceTree = "<group>"; };
		8308AC282337D31400933132 /* AnimationGroup.swift */ = {isa = PBXFileReference; lastKnownFileType = sourcecode.swift; path = AnimationGroup.swift; sourceTree = "<group>"; };
		8308AC2A2338195A00933132 /* Bezier.swift */ = {isa = PBXFileReference; lastKnownFileType = sourcecode.swift; path = Bezier.swift; sourceTree = "<group>"; };
		8390F7E623362B6C007B942E /* RepeatAnimation.swift */ = {isa = PBXFileReference; lastKnownFileType = sourcecode.swift; path = RepeatAnimation.swift; sourceTree = "<group>"; };
		8390F7E82336621A007B942E /* VDViewAnimator.swift */ = {isa = PBXFileReference; lastKnownFileType = sourcecode.swift; path = VDViewAnimator.swift; sourceTree = "<group>"; };
		8390F7EB23367119007B942E /* AnimatorModifier.swift */ = {isa = PBXFileReference; lastKnownFileType = sourcecode.swift; path = AnimatorModifier.swift; sourceTree = "<group>"; };
/* End PBXFileReference section */

/* Begin PBXFrameworksBuildPhase section */
		5BD99DF72334CB1B00B28B19 /* Frameworks */ = {
			isa = PBXFrameworksBuildPhase;
			buildActionMask = 2147483647;
			files = (
			);
			runOnlyForDeploymentPostprocessing = 0;
		};
/* End PBXFrameworksBuildPhase section */

/* Begin PBXGroup section */
		5BD99DF12334CB1B00B28B19 = {
			isa = PBXGroup;
			children = (
				5BD99DFC2334CB1B00B28B19 /* SuperAnimations */,
			);
			sourceTree = "<group>";
		};
		5BD99DFB2334CB1B00B28B19 /* Products */ = {
			isa = PBXGroup;
			children = (
				5BD99DFA2334CB1B00B28B19 /* SuperAnimations.app */,
			);
			name = Products;
			path = ..;
			sourceTree = "<group>";
		};
		5BD99DFC2334CB1B00B28B19 /* SuperAnimations */ = {
			isa = PBXGroup;
			children = (
				5BD99DFD2334CB1B00B28B19 /* AppDelegate.swift */,
				5BD99DFF2334CB1B00B28B19 /* SceneDelegate.swift */,
				5BBE36DB233A7B810090960B /* SwiftUIView.swift */,
				5BD99E012334CB1B00B28B19 /* ViewController.swift */,
				5B6E226C2334E9240080719F /* Animations.swift */,
				5B6E2272233527F00080719F /* Animator.swift */,
				5B6E226E233527B90080719F /* Sequential.swift */,
				5B6E2270233527D80080719F /* Parallel.swift */,
				5B6E2274233528050080719F /* Interval.swift */,
				5B6E2276233528230080719F /* AnimatorBuilder.swift */,
				8390F7E623362B6C007B942E /* RepeatAnimation.swift */,
				5BD99E112334CB2D00B28B19 /* Bases.swift */,
				8390F7E82336621A007B942E /* VDViewAnimator.swift */,
				8390F7EB23367119007B942E /* AnimatorModifier.swift */,
				8308AC282337D31400933132 /* AnimationGroup.swift */,
				5B176AC4233E1A1400ACE228 /* PropertiesAnimation.swift */,
				5BBE3756233BCFD80090960B /* WithoutAnimation.swift */,
				8308AC2A2338195A00933132 /* Bezier.swift */,
				5BD99DFB2334CB1B00B28B19 /* Products */,
				5BD99E032334CB1B00B28B19 /* Main.storyboard */,
				5BD99E062334CB1C00B28B19 /* Assets.xcassets */,
				5BD99E082334CB1C00B28B19 /* LaunchScreen.storyboard */,
				5BD99E0B2334CB1C00B28B19 /* Info.plist */,
			);
			path = SuperAnimations;
			sourceTree = "<group>";
		};
/* End PBXGroup section */

/* Begin PBXNativeTarget section */
		5BD99DF92334CB1B00B28B19 /* SuperAnimations */ = {
			isa = PBXNativeTarget;
			buildConfigurationList = 5BD99E0E2334CB1C00B28B19 /* Build configuration list for PBXNativeTarget "SuperAnimations" */;
			buildPhases = (
				5BD99DF62334CB1B00B28B19 /* Sources */,
				5BD99DF72334CB1B00B28B19 /* Frameworks */,
				5BD99DF82334CB1B00B28B19 /* Resources */,
			);
			buildRules = (
			);
			dependencies = (
			);
			name = SuperAnimations;
			productName = SuperAnimations;
			productReference = 5BD99DFA2334CB1B00B28B19 /* SuperAnimations.app */;
			productType = "com.apple.product-type.application";
		};
/* End PBXNativeTarget section */

/* Begin PBXProject section */
		5BD99DF22334CB1B00B28B19 /* Project object */ = {
			isa = PBXProject;
			attributes = {
				LastSwiftUpdateCheck = 1100;
				LastUpgradeCheck = 1100;
				ORGANIZATIONNAME = crypto_user;
				TargetAttributes = {
					5BD99DF92334CB1B00B28B19 = {
						CreatedOnToolsVersion = 11.0;
					};
				};
			};
			buildConfigurationList = 5BD99DF52334CB1B00B28B19 /* Build configuration list for PBXProject "SuperAnimations" */;
			compatibilityVersion = "Xcode 9.3";
			developmentRegion = en;
			hasScannedForEncodings = 0;
			knownRegions = (
				en,
				Base,
			);
			mainGroup = 5BD99DF12334CB1B00B28B19;
			productRefGroup = 5BD99DFB2334CB1B00B28B19 /* Products */;
			projectDirPath = "";
			projectRoot = "";
			targets = (
				5BD99DF92334CB1B00B28B19 /* SuperAnimations */,
			);
		};
/* End PBXProject section */

/* Begin PBXResourcesBuildPhase section */
		5BD99DF82334CB1B00B28B19 /* Resources */ = {
			isa = PBXResourcesBuildPhase;
			buildActionMask = 2147483647;
			files = (
				5BD99E0A2334CB1C00B28B19 /* LaunchScreen.storyboard in Resources */,
				5BD99E072334CB1C00B28B19 /* Assets.xcassets in Resources */,
				5BD99E052334CB1B00B28B19 /* Main.storyboard in Resources */,
			);
			runOnlyForDeploymentPostprocessing = 0;
		};
/* End PBXResourcesBuildPhase section */

/* Begin PBXSourcesBuildPhase section */
		5BD99DF62334CB1B00B28B19 /* Sources */ = {
			isa = PBXSourcesBuildPhase;
			buildActionMask = 2147483647;
			files = (
				5B6E226D2334E9240080719F /* Animations.swift in Sources */,
				5BD99E122334CB2D00B28B19 /* Bases.swift in Sources */,
				5BBE36DC233A7B810090960B /* SwiftUIView.swift in Sources */,
				5B6E2277233528230080719F /* AnimatorBuilder.swift in Sources */,
				5B6E226F233527B90080719F /* Sequential.swift in Sources */,
				5BD99E022334CB1B00B28B19 /* ViewController.swift in Sources */,
				5B6E2273233527F00080719F /* Animator.swift in Sources */,
				8308AC2B2338195A00933132 /* Bezier.swift in Sources */,
				8308AC292337D31400933132 /* AnimationGroup.swift in Sources */,
				5B6E2275233528050080719F /* Interval.swift in Sources */,
				8390F7E92336621A007B942E /* VDViewAnimator.swift in Sources */,
				5BD99DFE2334CB1B00B28B19 /* AppDelegate.swift in Sources */,
				8390F7EA233668BB007B942E /* RepeatAnimation.swift in Sources */,
				8390F7EC23367119007B942E /* AnimatorModifier.swift in Sources */,
				5BBE3757233BCFD80090960B /* WithoutAnimation.swift in Sources */,
				5B6E2271233527D80080719F /* Parallel.swift in Sources */,
				5BD99E002334CB1B00B28B19 /* SceneDelegate.swift in Sources */,
			);
			runOnlyForDeploymentPostprocessing = 0;
		};
/* End PBXSourcesBuildPhase section */

/* Begin PBXVariantGroup section */
		5BD99E032334CB1B00B28B19 /* Main.storyboard */ = {
			isa = PBXVariantGroup;
			children = (
				5BD99E042334CB1B00B28B19 /* Base */,
			);
			name = Main.storyboard;
			sourceTree = "<group>";
		};
		5BD99E082334CB1C00B28B19 /* LaunchScreen.storyboard */ = {
			isa = PBXVariantGroup;
			children = (
				5BD99E092334CB1C00B28B19 /* Base */,
			);
			name = LaunchScreen.storyboard;
			sourceTree = "<group>";
		};
/* End PBXVariantGroup section */

/* Begin XCBuildConfiguration section */
		5BD99E0C2334CB1C00B28B19 /* Debug */ = {
			isa = XCBuildConfiguration;
			buildSettings = {
				ALWAYS_SEARCH_USER_PATHS = NO;
				CLANG_ANALYZER_NONNULL = YES;
				CLANG_ANALYZER_NUMBER_OBJECT_CONVERSION = YES_AGGRESSIVE;
				CLANG_CXX_LANGUAGE_STANDARD = "gnu++14";
				CLANG_CXX_LIBRARY = "libc++";
				CLANG_ENABLE_MODULES = YES;
				CLANG_ENABLE_OBJC_ARC = YES;
				CLANG_ENABLE_OBJC_WEAK = YES;
				CLANG_WARN_BLOCK_CAPTURE_AUTORELEASING = YES;
				CLANG_WARN_BOOL_CONVERSION = YES;
				CLANG_WARN_COMMA = YES;
				CLANG_WARN_CONSTANT_CONVERSION = YES;
				CLANG_WARN_DEPRECATED_OBJC_IMPLEMENTATIONS = YES;
				CLANG_WARN_DIRECT_OBJC_ISA_USAGE = YES_ERROR;
				CLANG_WARN_DOCUMENTATION_COMMENTS = YES;
				CLANG_WARN_EMPTY_BODY = YES;
				CLANG_WARN_ENUM_CONVERSION = YES;
				CLANG_WARN_INFINITE_RECURSION = YES;
				CLANG_WARN_INT_CONVERSION = YES;
				CLANG_WARN_NON_LITERAL_NULL_CONVERSION = YES;
				CLANG_WARN_OBJC_IMPLICIT_RETAIN_SELF = YES;
				CLANG_WARN_OBJC_LITERAL_CONVERSION = YES;
				CLANG_WARN_OBJC_ROOT_CLASS = YES_ERROR;
				CLANG_WARN_RANGE_LOOP_ANALYSIS = YES;
				CLANG_WARN_STRICT_PROTOTYPES = YES;
				CLANG_WARN_SUSPICIOUS_MOVE = YES;
				CLANG_WARN_UNGUARDED_AVAILABILITY = YES_AGGRESSIVE;
				CLANG_WARN_UNREACHABLE_CODE = YES;
				CLANG_WARN__DUPLICATE_METHOD_MATCH = YES;
				COPY_PHASE_STRIP = NO;
				DEBUG_INFORMATION_FORMAT = dwarf;
				ENABLE_STRICT_OBJC_MSGSEND = YES;
				ENABLE_TESTABILITY = YES;
				GCC_C_LANGUAGE_STANDARD = gnu11;
				GCC_DYNAMIC_NO_PIC = NO;
				GCC_NO_COMMON_BLOCKS = YES;
				GCC_OPTIMIZATION_LEVEL = 0;
				GCC_PREPROCESSOR_DEFINITIONS = (
					"DEBUG=1",
					"$(inherited)",
				);
				GCC_WARN_64_TO_32_BIT_CONVERSION = YES;
				GCC_WARN_ABOUT_RETURN_TYPE = YES_ERROR;
				GCC_WARN_UNDECLARED_SELECTOR = YES;
				GCC_WARN_UNINITIALIZED_AUTOS = YES_AGGRESSIVE;
				GCC_WARN_UNUSED_FUNCTION = YES;
				GCC_WARN_UNUSED_VARIABLE = YES;
				IPHONEOS_DEPLOYMENT_TARGET = 13.0;
				MTL_ENABLE_DEBUG_INFO = INCLUDE_SOURCE;
				MTL_FAST_MATH = YES;
				ONLY_ACTIVE_ARCH = YES;
				SDKROOT = iphoneos;
				SWIFT_ACTIVE_COMPILATION_CONDITIONS = DEBUG;
				SWIFT_OPTIMIZATION_LEVEL = "-Onone";
			};
			name = Debug;
		};
		5BD99E0D2334CB1C00B28B19 /* Release */ = {
			isa = XCBuildConfiguration;
			buildSettings = {
				ALWAYS_SEARCH_USER_PATHS = NO;
				CLANG_ANALYZER_NONNULL = YES;
				CLANG_ANALYZER_NUMBER_OBJECT_CONVERSION = YES_AGGRESSIVE;
				CLANG_CXX_LANGUAGE_STANDARD = "gnu++14";
				CLANG_CXX_LIBRARY = "libc++";
				CLANG_ENABLE_MODULES = YES;
				CLANG_ENABLE_OBJC_ARC = YES;
				CLANG_ENABLE_OBJC_WEAK = YES;
				CLANG_WARN_BLOCK_CAPTURE_AUTORELEASING = YES;
				CLANG_WARN_BOOL_CONVERSION = YES;
				CLANG_WARN_COMMA = YES;
				CLANG_WARN_CONSTANT_CONVERSION = YES;
				CLANG_WARN_DEPRECATED_OBJC_IMPLEMENTATIONS = YES;
				CLANG_WARN_DIRECT_OBJC_ISA_USAGE = YES_ERROR;
				CLANG_WARN_DOCUMENTATION_COMMENTS = YES;
				CLANG_WARN_EMPTY_BODY = YES;
				CLANG_WARN_ENUM_CONVERSION = YES;
				CLANG_WARN_INFINITE_RECURSION = YES;
				CLANG_WARN_INT_CONVERSION = YES;
				CLANG_WARN_NON_LITERAL_NULL_CONVERSION = YES;
				CLANG_WARN_OBJC_IMPLICIT_RETAIN_SELF = YES;
				CLANG_WARN_OBJC_LITERAL_CONVERSION = YES;
				CLANG_WARN_OBJC_ROOT_CLASS = YES_ERROR;
				CLANG_WARN_RANGE_LOOP_ANALYSIS = YES;
				CLANG_WARN_STRICT_PROTOTYPES = YES;
				CLANG_WARN_SUSPICIOUS_MOVE = YES;
				CLANG_WARN_UNGUARDED_AVAILABILITY = YES_AGGRESSIVE;
				CLANG_WARN_UNREACHABLE_CODE = YES;
				CLANG_WARN__DUPLICATE_METHOD_MATCH = YES;
				COPY_PHASE_STRIP = NO;
				DEBUG_INFORMATION_FORMAT = "dwarf-with-dsym";
				ENABLE_NS_ASSERTIONS = NO;
				ENABLE_STRICT_OBJC_MSGSEND = YES;
				GCC_C_LANGUAGE_STANDARD = gnu11;
				GCC_NO_COMMON_BLOCKS = YES;
				GCC_WARN_64_TO_32_BIT_CONVERSION = YES;
				GCC_WARN_ABOUT_RETURN_TYPE = YES_ERROR;
				GCC_WARN_UNDECLARED_SELECTOR = YES;
				GCC_WARN_UNINITIALIZED_AUTOS = YES_AGGRESSIVE;
				GCC_WARN_UNUSED_FUNCTION = YES;
				GCC_WARN_UNUSED_VARIABLE = YES;
				IPHONEOS_DEPLOYMENT_TARGET = 13.0;
				MTL_ENABLE_DEBUG_INFO = NO;
				MTL_FAST_MATH = YES;
				SDKROOT = iphoneos;
				SWIFT_COMPILATION_MODE = wholemodule;
				SWIFT_OPTIMIZATION_LEVEL = "-O";
				VALIDATE_PRODUCT = YES;
			};
			name = Release;
		};
		5BD99E0F2334CB1C00B28B19 /* Debug */ = {
			isa = XCBuildConfiguration;
			buildSettings = {
				ASSETCATALOG_COMPILER_APPICON_NAME = AppIcon;
				CODE_SIGN_STYLE = Automatic;
				DEVELOPMENT_TEAM = 4733T56UZW;
				INFOPLIST_FILE = SuperAnimations/Info.plist;
				LD_RUNPATH_SEARCH_PATHS = (
					"$(inherited)",
					"@executable_path/Frameworks",
				);
				PRODUCT_BUNDLE_IDENTIFIER = "crypto-user.SuperAnimations";
				PRODUCT_NAME = "$(TARGET_NAME)";
				SWIFT_VERSION = 5.0;
				TARGETED_DEVICE_FAMILY = "1,2";
			};
			name = Debug;
		};
		5BD99E102334CB1C00B28B19 /* Release */ = {
			isa = XCBuildConfiguration;
			buildSettings = {
				ASSETCATALOG_COMPILER_APPICON_NAME = AppIcon;
				CODE_SIGN_STYLE = Automatic;
				DEVELOPMENT_TEAM = 4733T56UZW;
				INFOPLIST_FILE = SuperAnimations/Info.plist;
				LD_RUNPATH_SEARCH_PATHS = (
					"$(inherited)",
					"@executable_path/Frameworks",
				);
				PRODUCT_BUNDLE_IDENTIFIER = "crypto-user.SuperAnimations";
				PRODUCT_NAME = "$(TARGET_NAME)";
				SWIFT_VERSION = 5.0;
				TARGETED_DEVICE_FAMILY = "1,2";
			};
			name = Release;
		};
/* End XCBuildConfiguration section */

/* Begin XCConfigurationList section */
		5BD99DF52334CB1B00B28B19 /* Build configuration list for PBXProject "SuperAnimations" */ = {
			isa = XCConfigurationList;
			buildConfigurations = (
				5BD99E0C2334CB1C00B28B19 /* Debug */,
				5BD99E0D2334CB1C00B28B19 /* Release */,
			);
			defaultConfigurationIsVisible = 0;
			defaultConfigurationName = Release;
		};
		5BD99E0E2334CB1C00B28B19 /* Build configuration list for PBXNativeTarget "SuperAnimations" */ = {
			isa = XCConfigurationList;
			buildConfigurations = (
				5BD99E0F2334CB1C00B28B19 /* Debug */,
				5BD99E102334CB1C00B28B19 /* Release */,
			);
			defaultConfigurationIsVisible = 0;
			defaultConfigurationName = Release;
		};
/* End XCConfigurationList section */
	};
	rootObject = 5BD99DF22334CB1B00B28B19 /* Project object */;
}
